
Microsoft Visual Studio Solution File, Format Version 12.00
# Visual Studio Version 16
VisualStudioVersion = 16.0.30128.74
MinimumVisualStudioVersion = 10.0.40219.1
Project("{8BC9CEB8-8B4A-11D0-8D11-00A0C91BC942}") = "fraction_home_work", "fraction_home_work\fraction_home_work.vcxproj", "{BBA5A4D2-E7B7-4BDE-95D6-8CF1301F1407}"
EndProject
Global
	GlobalSection(SolutionConfigurationPlatforms) = preSolution
		Debug|x64 = Debug|x64
		Debug|x86 = Debug|x86
		Release|x64 = Release|x64
		Release|x86 = Release|x86
	EndGlobalSection
	GlobalSection(ProjectConfigurationPlatforms) = postSolution
		{BBA5A4D2-E7B7-4BDE-95D6-8CF1301F1407}.Debug|x64.ActiveCfg = Debug|x64
		{BBA5A4D2-E7B7-4BDE-95D6-8CF1301F1407}.Debug|x64.Build.0 = Debug|x64
		{BBA5A4D2-E7B7-4BDE-95D6-8CF1301F1407}.Debug|x86.ActiveCfg = Debug|Win32
		{BBA5A4D2-E7B7-4BDE-95D6-8CF1301F1407}.Debug|x86.Build.0 = Debug|Win32
		{BBA5A4D2-E7B7-4BDE-95D6-8CF1301F1407}.Release|x64.ActiveCfg = Release|x64
		{BBA5A4D2-E7B7-4BDE-95D6-8CF1301F1407}.Release|x64.Build.0 = Release|x64
		{BBA5A4D2-E7B7-4BDE-95D6-8CF1301F1407}.Release|x86.ActiveCfg = Release|Win32
		{BBA5A4D2-E7B7-4BDE-95D6-8CF1301F1407}.Release|x86.Build.0 = Release|Win32
	EndGlobalSection
	GlobalSection(SolutionProperties) = preSolution
		HideSolutionNode = FALSE
	EndGlobalSection
	GlobalSection(ExtensibilityGlobals) = postSolution
		SolutionGuid = {011921E6-7A72-4B48-904E-B91EA21E0385}
	EndGlobalSection
EndGlobal
